<?xml version="1.0" encoding="utf-8"?>
<Project ToolsVersion="4.0" xmlns="http://schemas.microsoft.com/developer/msbuild/2003">
  <ItemGroup>
    <Filter Include="Source Files">
      <UniqueIdentifier>{4FC737F1-C7A5-4376-A066-2A32D752A2FF}</UniqueIdentifier>
      <Extensions>cpp;c;cc;cxx;def;odl;idl;hpj;bat;asm;asmx</Extensions>
    </Filter>
    <Filter Include="Header Files">
      <UniqueIdentifier>{93995380-89BD-4b04-88EB-625FBE52EBFB}</UniqueIdentifier>
      <Extensions>h;hpp;hxx;hm;inl;inc;xsd</Extensions>
    </Filter>
    <Filter Include="Resource Files">
      <UniqueIdentifier>{67DA6AB6-F800-4c08-8B7A-83BB121AAD01}</UniqueIdentifier>
      <Extensions>rc;ico;cur;bmp;dlg;rc2;rct;bin;rgs;gif;jpg;jpeg;jpe;resx;tiff;tif;png;wav;mfcribbon-ms</Extensions>
    </Filter>
    <Filter Include="Header Files\lua">
      <UniqueIdentifier>{e50a9013-145d-47fa-ad72-d0ac5bdffccd}</UniqueIdentifier>
    </Filter>
    <Filter Include="Source Files\lua">
      <UniqueIdentifier>{bcfe18f8-6201-45fa-91cb-f5f01cef4ede}</UniqueIdentifier>
    </Filter>
  </ItemGroup>
  <ItemGroup>
    <ClCompile Include="luaexpose.cpp">
      <Filter>Source Files</Filter>
    </ClCompile>
    <ClCompile Include="MyVec.cpp">
      <Filter>Source Files</Filter>
    </ClCompile>
    <ClCompile Include="LuaContext.cpp">
      <Filter>Source Files</Filter>
    </ClCompile>
  </ItemGroup>
  <ItemGroup>
    <ClInclude Include="lua\lauxlib.h">
      <Filter>Header Files\lua</Filter>
    </ClInclude>
    <ClInclude Include="lua\lualib.h">
      <Filter>Header Files\lua</Filter>
    </ClInclude>
    <ClInclude Include="lua\lua.h">
      <Filter>Header Files\lua</Filter>
    </ClInclude>
    <ClInclude Include="lua\luaconf.h">
      <Filter>Header Files\lua</Filter>
    </ClInclude>
    <ClInclude Include="lua\lua.hpp">
      <Filter>Header Files\lua</Filter>
    </ClInclude>
    <ClInclude Include="Vec2.inl">
      <Filter>Header Files</Filter>
    </ClInclude>
    <ClInclude Include="MyVec.h">
      <Filter>Header Files</Filter>
    </ClInclude>
    <ClInclude Include="LuaContext.h">
      <Filter>Header Files</Filter>
    </ClInclude>
  </ItemGroup>
  <ItemGroup>
    <None Include="Vec3.inl">
      <Filter>Header Files</Filter>
    </None>
    <None Include="expose.lua">
      <Filter>Source Files\lua</Filter>
    </None>
    <None Include="Vec2.lua">
      <Filter>Source Files\lua</Filter>
    </None>
  </ItemGroup>
</Project>